
Microsoft Visual Studio Solution File, Format Version 12.00
# Visual Studio 2013
VisualStudioVersion = 12.0.30723.0
MinimumVisualStudioVersion = 10.0.40219.1
Project("{FAE04EC0-301F-11D3-BF4B-00C04F79EFBC}") = "EF_WebApplication1", "EF_WebApplication1\EF_WebApplication1.csproj", "{BAB8124E-74AF-44CD-8BB4-2FA5CDB7ECA3}"
EndProject
Project("{FAE04EC0-301F-11D3-BF4B-00C04F79EFBC}") = "Applications", "Applications\Applications.csproj", "{BD4FB914-95D1-4523-85F4-09F64A1EAAB3}"
EndProject
Global
	GlobalSection(SolutionConfigurationPlatforms) = preSolution
		Debug|Any CPU = Debug|Any CPU
		Release|Any CPU = Release|Any CPU
	EndGlobalSection
	GlobalSection(ProjectConfigurationPlatforms) = postSolution
		{BAB8124E-74AF-44CD-8BB4-2FA5CDB7ECA3}.Debug|Any CPU.ActiveCfg = Debug|Any CPU
		{BAB8124E-74AF-44CD-8BB4-2FA5CDB7ECA3}.Debug|Any CPU.Build.0 = Debug|Any CPU
		{BAB8124E-74AF-44CD-8BB4-2FA5CDB7ECA3}.Release|Any CPU.ActiveCfg = Release|Any CPU
		{BAB8124E-74AF-44CD-8BB4-2FA5CDB7ECA3}.Release|Any CPU.Build.0 = Release|Any CPU
		{BD4FB914-95D1-4523-85F4-09F64A1EAAB3}.Debug|Any CPU.ActiveCfg = Debug|Any CPU
		{BD4FB914-95D1-4523-85F4-09F64A1EAAB3}.Debug|Any CPU.Build.0 = Debug|Any CPU
		{BD4FB914-95D1-4523-85F4-09F64A1EAAB3}.Release|Any CPU.ActiveCfg = Release|Any CPU
		{BD4FB914-95D1-4523-85F4-09F64A1EAAB3}.Release|Any CPU.Build.0 = Release|Any CPU
	EndGlobalSection
	GlobalSection(SolutionProperties) = preSolution
		HideSolutionNode = FALSE
	EndGlobalSection
EndGlobal
